// !$*UTF8*$!
{
	archiveVersion = 1;
	classes = {
	};
	objectVersion = 48;
	objects = {

/* Begin PBXBuildFile section */
		79B6659CDC94D4BEC740C9F2 /* libPods-openweather-iosTests.a in Frameworks */ = {isa = PBXBuildFile; fileRef = 33CA3AD38101138F0766CDF6 /* libPods-openweather-iosTests.a */; };
		D1BFAC81E71CA2A21F828134 /* libPods-openweather-ios.a in Frameworks */ = {isa = PBXBuildFile; fileRef = F9DD3D1CF2F45C08ECCB86CE /* libPods-openweather-ios.a */; };
		E21D92371F4A4AC30017381E /* OWMWeatherManager.m in Sources */ = {isa = PBXBuildFile; fileRef = E21D92361F4A4AC30017381E /* OWMWeatherManager.m */; };
		E21D923A1F4A576C0017381E /* OWMCity.m in Sources */ = {isa = PBXBuildFile; fileRef = E21D92391F4A576C0017381E /* OWMCity.m */; };
		E21D923D1F4A58AA0017381E /* OWMForecast.m in Sources */ = {isa = PBXBuildFile; fileRef = E21D923C1F4A58AA0017381E /* OWMForecast.m */; };
		E21D92401F4A58C90017381E /* OWMBaseModel.m in Sources */ = {isa = PBXBuildFile; fileRef = E21D923F1F4A58C90017381E /* OWMBaseModel.m */; };
		E21D92431F4A594E0017381E /* OWMWeatherLocation.m in Sources */ = {isa = PBXBuildFile; fileRef = E21D92421F4A594E0017381E /* OWMWeatherLocation.m */; };
		E21D92461F4A689E0017381E /* OWMWeatherData.m in Sources */ = {isa = PBXBuildFile; fileRef = E21D92451F4A689E0017381E /* OWMWeatherData.m */; };
		E21D92491F4A69360017381E /* OWMMain.m in Sources */ = {isa = PBXBuildFile; fileRef = E21D92481F4A69360017381E /* OWMMain.m */; };
		E21D924C1F4A6B4A0017381E /* OWMWeatherForecast.m in Sources */ = {isa = PBXBuildFile; fileRef = E21D924B1F4A6B4A0017381E /* OWMWeatherForecast.m */; };
		E21D924F1F4A6C3F0017381E /* OWMClouds.m in Sources */ = {isa = PBXBuildFile; fileRef = E21D924E1F4A6C3F0017381E /* OWMClouds.m */; };
		E21D92521F4A6C990017381E /* OWMWinds.m in Sources */ = {isa = PBXBuildFile; fileRef = E21D92511F4A6C990017381E /* OWMWinds.m */; };
		E21D92551F4A6D0D0017381E /* OWMRain.m in Sources */ = {isa = PBXBuildFile; fileRef = E21D92541F4A6D0D0017381E /* OWMRain.m */; };
		E21D92581F4A6D380017381E /* OWMSnow.m in Sources */ = {isa = PBXBuildFile; fileRef = E21D92571F4A6D380017381E /* OWMSnow.m */; };
		E26E1E951F4B56BC0065332B /* OWMWeatherSummaryCell.m in Sources */ = {isa = PBXBuildFile; fileRef = E26E1E941F4B56BC0065332B /* OWMWeatherSummaryCell.m */; };
		E26E1E981F4B6CD30065332B /* OWMToday.m in Sources */ = {isa = PBXBuildFile; fileRef = E26E1E971F4B6CD30065332B /* OWMToday.m */; };
		E26E1E9D1F4B748F0065332B /* OWMFullWeatherViewController.m in Sources */ = {isa = PBXBuildFile; fileRef = E26E1E9C1F4B748F0065332B /* OWMFullWeatherViewController.m */; };
		E26E1EA11F4B7E9C0065332B /* OWMThreeHourTodayWeatherCellTableViewCell.m in Sources */ = {isa = PBXBuildFile; fileRef = E26E1EA01F4B7E9C0065332B /* OWMThreeHourTodayWeatherCellTableViewCell.m */; };
		E26E1EA41F4B7F950065332B /* OWMDailyWeatherCell.m in Sources */ = {isa = PBXBuildFile; fileRef = E26E1EA31F4B7F950065332B /* OWMDailyWeatherCell.m */; };
		E26E1EA71F4B95880065332B /* OWMDayForecast.m in Sources */ = {isa = PBXBuildFile; fileRef = E26E1EA61F4B95880065332B /* OWMDayForecast.m */; };
		E27E8BEC1F48D9AE00ED5399 /* OWMAPIClient.m in Sources */ = {isa = PBXBuildFile; fileRef = E27E8BEB1F48D9AE00ED5399 /* OWMAPIClient.m */; };
		E27E8BF01F48DF0F00ED5399 /* OWMWeather.m in Sources */ = {isa = PBXBuildFile; fileRef = E27E8BEF1F48DF0F00ED5399 /* OWMWeather.m */; };
		E27E8BF41F48E02C00ED5399 /* OWMConstants.m in Sources */ = {isa = PBXBuildFile; fileRef = E27E8BF31F48E02C00ED5399 /* OWMConstants.m */; };
		E27E8BF91F48E25D00ED5399 /* OWMSearchViewController.m in Sources */ = {isa = PBXBuildFile; fileRef = E27E8BF81F48E25D00ED5399 /* OWMSearchViewController.m */; };
		E27E8BFE1F48E27900ED5399 /* OWMBaseViewController.m in Sources */ = {isa = PBXBuildFile; fileRef = E27E8BFD1F48E27900ED5399 /* OWMBaseViewController.m */; };
		E27E8C021F48E39700ED5399 /* OWMSearchResultCell.m in Sources */ = {isa = PBXBuildFile; fileRef = E27E8C011F48E39700ED5399 /* OWMSearchResultCell.m */; };
		E27E8C071F48E6A400ED5399 /* OWMLocation.m in Sources */ = {isa = PBXBuildFile; fileRef = E27E8C061F48E6A400ED5399 /* OWMLocation.m */; };
		E27E8C0C1F48F14700ED5399 /* OWMPermissionViewController.m in Sources */ = {isa = PBXBuildFile; fileRef = E27E8C0B1F48F14700ED5399 /* OWMPermissionViewController.m */; };
		E2AE1E631F49580B005F2551 /* OWMWeatherViewController.m in Sources */ = {isa = PBXBuildFile; fileRef = E2AE1E621F49580B005F2551 /* OWMWeatherViewController.m */; };
		E2F519021F4CA5BD0006155C /* OWMThreeHourCell.m in Sources */ = {isa = PBXBuildFile; fileRef = E2F519011F4CA5BD0006155C /* OWMThreeHourCell.m */; };
		E2F519061F4CAD230006155C /* NSDate+Helper.m in Sources */ = {isa = PBXBuildFile; fileRef = E2F519051F4CAD230006155C /* NSDate+Helper.m */; };
		E2FD0F8E1F48D71000764787 /* AppDelegate.m in Sources */ = {isa = PBXBuildFile; fileRef = E2FD0F8D1F48D71000764787 /* AppDelegate.m */; };
		E2FD0F941F48D71000764787 /* Main.storyboard in Resources */ = {isa = PBXBuildFile; fileRef = E2FD0F921F48D71000764787 /* Main.storyboard */; };
		E2FD0F961F48D71000764787 /* Assets.xcassets in Resources */ = {isa = PBXBuildFile; fileRef = E2FD0F951F48D71000764787 /* Assets.xcassets */; };
		E2FD0F991F48D71000764787 /* LaunchScreen.storyboard in Resources */ = {isa = PBXBuildFile; fileRef = E2FD0F971F48D71000764787 /* LaunchScreen.storyboard */; };
		E2FD0F9C1F48D71000764787 /* main.m in Sources */ = {isa = PBXBuildFile; fileRef = E2FD0F9B1F48D71000764787 /* main.m */; };
		E2FD0FA61F48D71000764787 /* openweather_iosTests.m in Sources */ = {isa = PBXBuildFile; fileRef = E2FD0FA51F48D71000764787 /* openweather_iosTests.m */; };
/* End PBXBuildFile section */

/* Begin PBXContainerItemProxy section */
		E2FD0FA21F48D71000764787 /* PBXContainerItemProxy */ = {
			isa = PBXContainerItemProxy;
			containerPortal = E2FD0F811F48D71000764787 /* Project object */;
			proxyType = 1;
			remoteGlobalIDString = E2FD0F881F48D71000764787;
			remoteInfo = "openweather-ios";
		};
/* End PBXContainerItemProxy section */

/* Begin PBXFileReference section */
		33CA3AD38101138F0766CDF6 /* libPods-openweather-iosTests.a */ = {isa = PBXFileReference; explicitFileType = archive.ar; includeInIndex = 0; path = "libPods-openweather-iosTests.a"; sourceTree = BUILT_PRODUCTS_DIR; };
		6315877F8E6EF55E86723248 /* Pods-openweather-iosTests.debug.xcconfig */ = {isa = PBXFileReference; includeInIndex = 1; lastKnownFileType = text.xcconfig; name = "Pods-openweather-iosTests.debug.xcconfig"; path = "Pods/Target Support Files/Pods-openweather-iosTests/Pods-openweather-iosTests.debug.xcconfig"; sourceTree = "<group>"; };
		ACFAD29D158FE6DC22F4C0CE /* Pods-openweather-ios.debug.xcconfig */ = {isa = PBXFileReference; includeInIndex = 1; lastKnownFileType = text.xcconfig; name = "Pods-openweather-ios.debug.xcconfig"; path = "Pods/Target Support Files/Pods-openweather-ios/Pods-openweather-ios.debug.xcconfig"; sourceTree = "<group>"; };
		CEE7E9F690130EB7A846A20B /* Pods-openweather-ios.release.xcconfig */ = {isa = PBXFileReference; includeInIndex = 1; lastKnownFileType = text.xcconfig; name = "Pods-openweather-ios.release.xcconfig"; path = "Pods/Target Support Files/Pods-openweather-ios/Pods-openweather-ios.release.xcconfig"; sourceTree = "<group>"; };
		E21D92351F4A4AC30017381E /* OWMWeatherManager.h */ = {isa = PBXFileReference; lastKnownFileType = sourcecode.c.h; path = OWMWeatherManager.h; sourceTree = "<group>"; };
		E21D92361F4A4AC30017381E /* OWMWeatherManager.m */ = {isa = PBXFileReference; lastKnownFileType = sourcecode.c.objc; path = OWMWeatherManager.m; sourceTree = "<group>"; };
		E21D92381F4A576C0017381E /* OWMCity.h */ = {isa = PBXFileReference; lastKnownFileType = sourcecode.c.h; path = OWMCity.h; sourceTree = "<group>"; };
		E21D92391F4A576C0017381E /* OWMCity.m */ = {isa = PBXFileReference; lastKnownFileType = sourcecode.c.objc; path = OWMCity.m; sourceTree = "<group>"; };
		E21D923B1F4A58AA0017381E /* OWMForecast.h */ = {isa = PBXFileReference; lastKnownFileType = sourcecode.c.h; path = OWMForecast.h; sourceTree = "<group>"; };
		E21D923C1F4A58AA0017381E /* OWMForecast.m */ = {isa = PBXFileReference; lastKnownFileType = sourcecode.c.objc; path = OWMForecast.m; sourceTree = "<group>"; };
		E21D923E1F4A58C90017381E /* OWMBaseModel.h */ = {isa = PBXFileReference; lastKnownFileType = sourcecode.c.h; path = OWMBaseModel.h; sourceTree = "<group>"; };
		E21D923F1F4A58C90017381E /* OWMBaseModel.m */ = {isa = PBXFileReference; lastKnownFileType = sourcecode.c.objc; path = OWMBaseModel.m; sourceTree = "<group>"; };
		E21D92411F4A594E0017381E /* OWMWeatherLocation.h */ = {isa = PBXFileReference; lastKnownFileType = sourcecode.c.h; path = OWMWeatherLocation.h; sourceTree = "<group>"; };
		E21D92421F4A594E0017381E /* OWMWeatherLocation.m */ = {isa = PBXFileReference; lastKnownFileType = sourcecode.c.objc; path = OWMWeatherLocation.m; sourceTree = "<group>"; };
		E21D92441F4A689E0017381E /* OWMWeatherData.h */ = {isa = PBXFileReference; lastKnownFileType = sourcecode.c.h; path = OWMWeatherData.h; sourceTree = "<group>"; };
		E21D92451F4A689E0017381E /* OWMWeatherData.m */ = {isa = PBXFileReference; lastKnownFileType = sourcecode.c.objc; path = OWMWeatherData.m; sourceTree = "<group>"; };
		E21D92471F4A69360017381E /* OWMMain.h */ = {isa = PBXFileReference; lastKnownFileType = sourcecode.c.h; path = OWMMain.h; sourceTree = "<group>"; };
		E21D92481F4A69360017381E /* OWMMain.m */ = {isa = PBXFileReference; lastKnownFileType = sourcecode.c.objc; path = OWMMain.m; sourceTree = "<group>"; };
		E21D924A1F4A6B4A0017381E /* OWMWeatherForecast.h */ = {isa = PBXFileReference; lastKnownFileType = sourcecode.c.h; path = OWMWeatherForecast.h; sourceTree = "<group>"; };
		E21D924B1F4A6B4A0017381E /* OWMWeatherForecast.m */ = {isa = PBXFileReference; lastKnownFileType = sourcecode.c.objc; path = OWMWeatherForecast.m; sourceTree = "<group>"; };
		E21D924D1F4A6C3F0017381E /* OWMClouds.h */ = {isa = PBXFileReference; lastKnownFileType = sourcecode.c.h; path = OWMClouds.h; sourceTree = "<group>"; };
		E21D924E1F4A6C3F0017381E /* OWMClouds.m */ = {isa = PBXFileReference; lastKnownFileType = sourcecode.c.objc; path = OWMClouds.m; sourceTree = "<group>"; };
		E21D92501F4A6C990017381E /* OWMWinds.h */ = {isa = PBXFileReference; lastKnownFileType = sourcecode.c.h; path = OWMWinds.h; sourceTree = "<group>"; };
		E21D92511F4A6C990017381E /* OWMWinds.m */ = {isa = PBXFileReference; lastKnownFileType = sourcecode.c.objc; path = OWMWinds.m; sourceTree = "<group>"; };
		E21D92531F4A6D0D0017381E /* OWMRain.h */ = {isa = PBXFileReference; lastKnownFileType = sourcecode.c.h; path = OWMRain.h; sourceTree = "<group>"; };
		E21D92541F4A6D0D0017381E /* OWMRain.m */ = {isa = PBXFileReference; lastKnownFileType = sourcecode.c.objc; path = OWMRain.m; sourceTree = "<group>"; };
		E21D92561F4A6D380017381E /* OWMSnow.h */ = {isa = PBXFileReference; lastKnownFileType = sourcecode.c.h; path = OWMSnow.h; sourceTree = "<group>"; };
		E21D92571F4A6D380017381E /* OWMSnow.m */ = {isa = PBXFileReference; lastKnownFileType = sourcecode.c.objc; path = OWMSnow.m; sourceTree = "<group>"; };
		E26E1E931F4B56BC0065332B /* OWMWeatherSummaryCell.h */ = {isa = PBXFileReference; lastKnownFileType = sourcecode.c.h; path = OWMWeatherSummaryCell.h; sourceTree = "<group>"; };
		E26E1E941F4B56BC0065332B /* OWMWeatherSummaryCell.m */ = {isa = PBXFileReference; lastKnownFileType = sourcecode.c.objc; path = OWMWeatherSummaryCell.m; sourceTree = "<group>"; };
		E26E1E961F4B6CD30065332B /* OWMToday.h */ = {isa = PBXFileReference; lastKnownFileType = sourcecode.c.h; path = OWMToday.h; sourceTree = "<group>"; };
		E26E1E971F4B6CD30065332B /* OWMToday.m */ = {isa = PBXFileReference; lastKnownFileType = sourcecode.c.objc; path = OWMToday.m; sourceTree = "<group>"; };
		E26E1E9B1F4B748F0065332B /* OWMFullWeatherViewController.h */ = {isa = PBXFileReference; lastKnownFileType = sourcecode.c.h; path = OWMFullWeatherViewController.h; sourceTree = "<group>"; };
		E26E1E9C1F4B748F0065332B /* OWMFullWeatherViewController.m */ = {isa = PBXFileReference; lastKnownFileType = sourcecode.c.objc; path = OWMFullWeatherViewController.m; sourceTree = "<group>"; };
		E26E1E9F1F4B7E9C0065332B /* OWMThreeHourTodayWeatherCellTableViewCell.h */ = {isa = PBXFileReference; lastKnownFileType = sourcecode.c.h; path = OWMThreeHourTodayWeatherCellTableViewCell.h; sourceTree = "<group>"; };
		E26E1EA01F4B7E9C0065332B /* OWMThreeHourTodayWeatherCellTableViewCell.m */ = {isa = PBXFileReference; lastKnownFileType = sourcecode.c.objc; path = OWMThreeHourTodayWeatherCellTableViewCell.m; sourceTree = "<group>"; };
		E26E1EA21F4B7F950065332B /* OWMDailyWeatherCell.h */ = {isa = PBXFileReference; lastKnownFileType = sourcecode.c.h; path = OWMDailyWeatherCell.h; sourceTree = "<group>"; };
		E26E1EA31F4B7F950065332B /* OWMDailyWeatherCell.m */ = {isa = PBXFileReference; lastKnownFileType = sourcecode.c.objc; path = OWMDailyWeatherCell.m; sourceTree = "<group>"; };
		E26E1EA51F4B95880065332B /* OWMDayForecast.h */ = {isa = PBXFileReference; lastKnownFileType = sourcecode.c.h; path = OWMDayForecast.h; sourceTree = "<group>"; };
		E26E1EA61F4B95880065332B /* OWMDayForecast.m */ = {isa = PBXFileReference; lastKnownFileType = sourcecode.c.objc; path = OWMDayForecast.m; sourceTree = "<group>"; };
		E27E8BE91F48D8E900ED5399 /* OWMNetworkProtocol.h */ = {isa = PBXFileReference; lastKnownFileType = sourcecode.c.h; path = OWMNetworkProtocol.h; sourceTree = "<group>"; };
		E27E8BEA1F48D9AE00ED5399 /* OWMAPIClient.h */ = {isa = PBXFileReference; lastKnownFileType = sourcecode.c.h; path = OWMAPIClient.h; sourceTree = "<group>"; };
		E27E8BEB1F48D9AE00ED5399 /* OWMAPIClient.m */ = {isa = PBXFileReference; lastKnownFileType = sourcecode.c.objc; path = OWMAPIClient.m; sourceTree = "<group>"; };
		E27E8BEE1F48DF0F00ED5399 /* OWMWeather.h */ = {isa = PBXFileReference; lastKnownFileType = sourcecode.c.h; path = OWMWeather.h; sourceTree = "<group>"; };
		E27E8BEF1F48DF0F00ED5399 /* OWMWeather.m */ = {isa = PBXFileReference; lastKnownFileType = sourcecode.c.objc; path = OWMWeather.m; sourceTree = "<group>"; };
		E27E8BF21F48E02C00ED5399 /* OWMConstants.h */ = {isa = PBXFileReference; lastKnownFileType = sourcecode.c.h; path = OWMConstants.h; sourceTree = "<group>"; };
		E27E8BF31F48E02C00ED5399 /* OWMConstants.m */ = {isa = PBXFileReference; lastKnownFileType = sourcecode.c.objc; path = OWMConstants.m; sourceTree = "<group>"; };
		E27E8BF71F48E25D00ED5399 /* OWMSearchViewController.h */ = {isa = PBXFileReference; lastKnownFileType = sourcecode.c.h; path = OWMSearchViewController.h; sourceTree = "<group>"; };
		E27E8BF81F48E25D00ED5399 /* OWMSearchViewController.m */ = {isa = PBXFileReference; lastKnownFileType = sourcecode.c.objc; path = OWMSearchViewController.m; sourceTree = "<group>"; };
		E27E8BFC1F48E27900ED5399 /* OWMBaseViewController.h */ = {isa = PBXFileReference; lastKnownFileType = sourcecode.c.h; path = OWMBaseViewController.h; sourceTree = "<group>"; };
		E27E8BFD1F48E27900ED5399 /* OWMBaseViewController.m */ = {isa = PBXFileReference; lastKnownFileType = sourcecode.c.objc; path = OWMBaseViewController.m; sourceTree = "<group>"; };
		E27E8C001F48E39700ED5399 /* OWMSearchResultCell.h */ = {isa = PBXFileReference; lastKnownFileType = sourcecode.c.h; path = OWMSearchResultCell.h; sourceTree = "<group>"; };
		E27E8C011F48E39700ED5399 /* OWMSearchResultCell.m */ = {isa = PBXFileReference; lastKnownFileType = sourcecode.c.objc; path = OWMSearchResultCell.m; sourceTree = "<group>"; };
		E27E8C051F48E6A400ED5399 /* OWMLocation.h */ = {isa = PBXFileReference; lastKnownFileType = sourcecode.c.h; path = OWMLocation.h; sourceTree = "<group>"; };
		E27E8C061F48E6A400ED5399 /* OWMLocation.m */ = {isa = PBXFileReference; lastKnownFileType = sourcecode.c.objc; path = OWMLocation.m; sourceTree = "<group>"; };
		E27E8C0A1F48F14700ED5399 /* OWMPermissionViewController.h */ = {isa = PBXFileReference; lastKnownFileType = sourcecode.c.h; path = OWMPermissionViewController.h; sourceTree = "<group>"; };
		E27E8C0B1F48F14700ED5399 /* OWMPermissionViewController.m */ = {isa = PBXFileReference; lastKnownFileType = sourcecode.c.objc; path = OWMPermissionViewController.m; sourceTree = "<group>"; };
		E27E8C0E1F48F21A00ED5399 /* OWMPermissionProtocol.h */ = {isa = PBXFileReference; lastKnownFileType = sourcecode.c.h; path = OWMPermissionProtocol.h; sourceTree = "<group>"; };
		E2AE1E611F49580B005F2551 /* OWMWeatherViewController.h */ = {isa = PBXFileReference; lastKnownFileType = sourcecode.c.h; path = OWMWeatherViewController.h; sourceTree = "<group>"; };
		E2AE1E621F49580B005F2551 /* OWMWeatherViewController.m */ = {isa = PBXFileReference; lastKnownFileType = sourcecode.c.objc; path = OWMWeatherViewController.m; sourceTree = "<group>"; };
		E2F519001F4CA5BD0006155C /* OWMThreeHourCell.h */ = {isa = PBXFileReference; lastKnownFileType = sourcecode.c.h; path = OWMThreeHourCell.h; sourceTree = "<group>"; };
		E2F519011F4CA5BD0006155C /* OWMThreeHourCell.m */ = {isa = PBXFileReference; lastKnownFileType = sourcecode.c.objc; path = OWMThreeHourCell.m; sourceTree = "<group>"; };
		E2F519041F4CAD230006155C /* NSDate+Helper.h */ = {isa = PBXFileReference; lastKnownFileType = sourcecode.c.h; path = "NSDate+Helper.h"; sourceTree = "<group>"; };
		E2F519051F4CAD230006155C /* NSDate+Helper.m */ = {isa = PBXFileReference; lastKnownFileType = sourcecode.c.objc; path = "NSDate+Helper.m"; sourceTree = "<group>"; };
		E2FD0F891F48D71000764787 /* openweather-ios.app */ = {isa = PBXFileReference; explicitFileType = wrapper.application; includeInIndex = 0; path = "openweather-ios.app"; sourceTree = BUILT_PRODUCTS_DIR; };
		E2FD0F8C1F48D71000764787 /* AppDelegate.h */ = {isa = PBXFileReference; lastKnownFileType = sourcecode.c.h; path = AppDelegate.h; sourceTree = "<group>"; };
		E2FD0F8D1F48D71000764787 /* AppDelegate.m */ = {isa = PBXFileReference; lastKnownFileType = sourcecode.c.objc; path = AppDelegate.m; sourceTree = "<group>"; };
		E2FD0F931F48D71000764787 /* Base */ = {isa = PBXFileReference; lastKnownFileType = file.storyboard; name = Base; path = Base.lproj/Main.storyboard; sourceTree = "<group>"; };
		E2FD0F951F48D71000764787 /* Assets.xcassets */ = {isa = PBXFileReference; lastKnownFileType = folder.assetcatalog; path = Assets.xcassets; sourceTree = "<group>"; };
		E2FD0F981F48D71000764787 /* Base */ = {isa = PBXFileReference; lastKnownFileType = file.storyboard; name = Base; path = Base.lproj/LaunchScreen.storyboard; sourceTree = "<group>"; };
		E2FD0F9A1F48D71000764787 /* Info.plist */ = {isa = PBXFileReference; lastKnownFileType = text.plist.xml; path = Info.plist; sourceTree = "<group>"; };
		E2FD0F9B1F48D71000764787 /* main.m */ = {isa = PBXFileReference; lastKnownFileType = sourcecode.c.objc; path = main.m; sourceTree = "<group>"; };
		E2FD0FA11F48D71000764787 /* openweather-iosTests.xctest */ = {isa = PBXFileReference; explicitFileType = wrapper.cfbundle; includeInIndex = 0; path = "openweather-iosTests.xctest"; sourceTree = BUILT_PRODUCTS_DIR; };
		E2FD0FA51F48D71000764787 /* openweather_iosTests.m */ = {isa = PBXFileReference; lastKnownFileType = sourcecode.c.objc; path = openweather_iosTests.m; sourceTree = "<group>"; };
		E2FD0FA71F48D71000764787 /* Info.plist */ = {isa = PBXFileReference; lastKnownFileType = text.plist.xml; path = Info.plist; sourceTree = "<group>"; };
		F16D63BB7211414F6FA5EDF5 /* Pods-openweather-iosTests.release.xcconfig */ = {isa = PBXFileReference; includeInIndex = 1; lastKnownFileType = text.xcconfig; name = "Pods-openweather-iosTests.release.xcconfig"; path = "Pods/Target Support Files/Pods-openweather-iosTests/Pods-openweather-iosTests.release.xcconfig"; sourceTree = "<group>"; };
		F9DD3D1CF2F45C08ECCB86CE /* libPods-openweather-ios.a */ = {isa = PBXFileReference; explicitFileType = archive.ar; includeInIndex = 0; path = "libPods-openweather-ios.a"; sourceTree = BUILT_PRODUCTS_DIR; };
/* End PBXFileReference section */

/* Begin PBXFrameworksBuildPhase section */
		E2FD0F861F48D71000764787 /* Frameworks */ = {
			isa = PBXFrameworksBuildPhase;
			buildActionMask = 2147483647;
			files = (
				D1BFAC81E71CA2A21F828134 /* libPods-openweather-ios.a in Frameworks */,
			);
			runOnlyForDeploymentPostprocessing = 0;
		};
		E2FD0F9E1F48D71000764787 /* Frameworks */ = {
			isa = PBXFrameworksBuildPhase;
			buildActionMask = 2147483647;
			files = (
				79B6659CDC94D4BEC740C9F2 /* libPods-openweather-iosTests.a in Frameworks */,
			);
			runOnlyForDeploymentPostprocessing = 0;
		};
/* End PBXFrameworksBuildPhase section */

/* Begin PBXGroup section */
		2BCF8534632803A7C21797DC /* Pods */ = {
			isa = PBXGroup;
			children = (
				ACFAD29D158FE6DC22F4C0CE /* Pods-openweather-ios.debug.xcconfig */,
				CEE7E9F690130EB7A846A20B /* Pods-openweather-ios.release.xcconfig */,
				6315877F8E6EF55E86723248 /* Pods-openweather-iosTests.debug.xcconfig */,
				F16D63BB7211414F6FA5EDF5 /* Pods-openweather-iosTests.release.xcconfig */,
			);
			name = Pods;
			sourceTree = "<group>";
		};
		D69F582C40401E343288308E /* Frameworks */ = {
			isa = PBXGroup;
			children = (
				F9DD3D1CF2F45C08ECCB86CE /* libPods-openweather-ios.a */,
				33CA3AD38101138F0766CDF6 /* libPods-openweather-iosTests.a */,
			);
			name = Frameworks;
			sourceTree = "<group>";
		};
		E21D92341F4A4AAD0017381E /* Models */ = {
			isa = PBXGroup;
			children = (
				E21D92351F4A4AC30017381E /* OWMWeatherManager.h */,
				E21D92361F4A4AC30017381E /* OWMWeatherManager.m */,
				E2F519041F4CAD230006155C /* NSDate+Helper.h */,
				E2F519051F4CAD230006155C /* NSDate+Helper.m */,
			);
			path = Models;
			sourceTree = "<group>";
		};
		E26E1E921F4B56A10065332B /* Views */ = {
			isa = PBXGroup;
			children = (
				E26E1E931F4B56BC0065332B /* OWMWeatherSummaryCell.h */,
				E26E1E941F4B56BC0065332B /* OWMWeatherSummaryCell.m */,
			);
			path = Views;
			sourceTree = "<group>";
		};
		E26E1E991F4B740D0065332B /* Weather Extended */ = {
			isa = PBXGroup;
			children = (
				E26E1E9E1F4B7E780065332B /* Views */,
				E26E1E9A1F4B74700065332B /* Controllers */,
			);
			path = "Weather Extended";
			sourceTree = "<group>";
		};
		E26E1E9A1F4B74700065332B /* Controllers */ = {
			isa = PBXGroup;
			children = (
				E26E1E9B1F4B748F0065332B /* OWMFullWeatherViewController.h */,
				E26E1E9C1F4B748F0065332B /* OWMFullWeatherViewController.m */,
			);
			path = Controllers;
			sourceTree = "<group>";
		};
		E26E1E9E1F4B7E780065332B /* Views */ = {
			isa = PBXGroup;
			children = (
				E26E1E9F1F4B7E9C0065332B /* OWMThreeHourTodayWeatherCellTableViewCell.h */,
				E26E1EA01F4B7E9C0065332B /* OWMThreeHourTodayWeatherCellTableViewCell.m */,
				E26E1EA21F4B7F950065332B /* OWMDailyWeatherCell.h */,
				E26E1EA31F4B7F950065332B /* OWMDailyWeatherCell.m */,
				E2F519001F4CA5BD0006155C /* OWMThreeHourCell.h */,
				E2F519011F4CA5BD0006155C /* OWMThreeHourCell.m */,
			);
			path = Views;
			sourceTree = "<group>";
		};
		E27E8BE61F48D88000ED5399 /* API */ = {
			isa = PBXGroup;
			children = (
				E27E8BE81F48D8C400ED5399 /* Client */,
				E27E8BE71F48D88400ED5399 /* Models */,
			);
			path = API;
			sourceTree = "<group>";
		};
		E27E8BE71F48D88400ED5399 /* Models */ = {
			isa = PBXGroup;
			children = (
				E21D923E1F4A58C90017381E /* OWMBaseModel.h */,
				E21D923F1F4A58C90017381E /* OWMBaseModel.m */,
				E21D923B1F4A58AA0017381E /* OWMForecast.h */,
				E21D923C1F4A58AA0017381E /* OWMForecast.m */,
				E21D92381F4A576C0017381E /* OWMCity.h */,
				E21D92391F4A576C0017381E /* OWMCity.m */,
				E21D92411F4A594E0017381E /* OWMWeatherLocation.h */,
				E21D92421F4A594E0017381E /* OWMWeatherLocation.m */,
				E21D92441F4A689E0017381E /* OWMWeatherData.h */,
				E21D92451F4A689E0017381E /* OWMWeatherData.m */,
				E21D92471F4A69360017381E /* OWMMain.h */,
				E21D92481F4A69360017381E /* OWMMain.m */,
				E21D924A1F4A6B4A0017381E /* OWMWeatherForecast.h */,
				E21D924B1F4A6B4A0017381E /* OWMWeatherForecast.m */,
				E21D924D1F4A6C3F0017381E /* OWMClouds.h */,
				E21D924E1F4A6C3F0017381E /* OWMClouds.m */,
				E21D92501F4A6C990017381E /* OWMWinds.h */,
				E21D92511F4A6C990017381E /* OWMWinds.m */,
				E21D92531F4A6D0D0017381E /* OWMRain.h */,
				E21D92541F4A6D0D0017381E /* OWMRain.m */,
				E21D92561F4A6D380017381E /* OWMSnow.h */,
				E21D92571F4A6D380017381E /* OWMSnow.m */,
				E26E1E961F4B6CD30065332B /* OWMToday.h */,
				E26E1E971F4B6CD30065332B /* OWMToday.m */,
				E26E1EA51F4B95880065332B /* OWMDayForecast.h */,
				E26E1EA61F4B95880065332B /* OWMDayForecast.m */,
			);
			path = Models;
			sourceTree = "<group>";
		};
		E27E8BE81F48D8C400ED5399 /* Client */ = {
			isa = PBXGroup;
			children = (
				E27E8BE91F48D8E900ED5399 /* OWMNetworkProtocol.h */,
				E27E8BEA1F48D9AE00ED5399 /* OWMAPIClient.h */,
				E27E8BEB1F48D9AE00ED5399 /* OWMAPIClient.m */,
				E27E8BEE1F48DF0F00ED5399 /* OWMWeather.h */,
				E27E8BEF1F48DF0F00ED5399 /* OWMWeather.m */,
			);
			path = Client;
			sourceTree = "<group>";
		};
		E27E8BF51F48E23F00ED5399 /* Search */ = {
			isa = PBXGroup;
			children = (
				E27E8BFF1F48E37B00ED5399 /* Views */,
				E27E8BF61F48E24700ED5399 /* Controllers */,
			);
			path = Search;
			sourceTree = "<group>";
		};
		E27E8BF61F48E24700ED5399 /* Controllers */ = {
			isa = PBXGroup;
			children = (
				E27E8BF71F48E25D00ED5399 /* OWMSearchViewController.h */,
				E27E8BF81F48E25D00ED5399 /* OWMSearchViewController.m */,
			);
			path = Controllers;
			sourceTree = "<group>";
		};
		E27E8BFA1F48E26200ED5399 /* Common */ = {
			isa = PBXGroup;
			children = (
				E21D92341F4A4AAD0017381E /* Models */,
				E27E8BFB1F48E26900ED5399 /* Controllers */,
			);
			path = Common;
			sourceTree = "<group>";
		};
		E27E8BFB1F48E26900ED5399 /* Controllers */ = {
			isa = PBXGroup;
			children = (
				E27E8BFC1F48E27900ED5399 /* OWMBaseViewController.h */,
				E27E8BFD1F48E27900ED5399 /* OWMBaseViewController.m */,
			);
			path = Controllers;
			sourceTree = "<group>";
		};
		E27E8BFF1F48E37B00ED5399 /* Views */ = {
			isa = PBXGroup;
			children = (
				E27E8C001F48E39700ED5399 /* OWMSearchResultCell.h */,
				E27E8C011F48E39700ED5399 /* OWMSearchResultCell.m */,
			);
			path = Views;
			sourceTree = "<group>";
		};
		E27E8C031F48E68400ED5399 /* Location */ = {
			isa = PBXGroup;
			children = (
				E27E8C041F48E69000ED5399 /* Models */,
			);
			path = Location;
			sourceTree = "<group>";
		};
		E27E8C041F48E69000ED5399 /* Models */ = {
			isa = PBXGroup;
			children = (
				E27E8C051F48E6A400ED5399 /* OWMLocation.h */,
				E27E8C061F48E6A400ED5399 /* OWMLocation.m */,
			);
			path = Models;
			sourceTree = "<group>";
		};
		E27E8C081F48F12400ED5399 /* Permission */ = {
			isa = PBXGroup;
			children = (
				E27E8C0D1F48F20700ED5399 /* Models */,
				E27E8C091F48F12D00ED5399 /* Controllers */,
			);
			path = Permission;
			sourceTree = "<group>";
		};
		E27E8C091F48F12D00ED5399 /* Controllers */ = {
			isa = PBXGroup;
			children = (
				E27E8C0A1F48F14700ED5399 /* OWMPermissionViewController.h */,
				E27E8C0B1F48F14700ED5399 /* OWMPermissionViewController.m */,
			);
			path = Controllers;
			sourceTree = "<group>";
		};
		E27E8C0D1F48F20700ED5399 /* Models */ = {
			isa = PBXGroup;
			children = (
				E27E8C0E1F48F21A00ED5399 /* OWMPermissionProtocol.h */,
			);
			path = Models;
			sourceTree = "<group>";
		};
		E2AE1E5F1F4957E8005F2551 /* Weather */ = {
			isa = PBXGroup;
			children = (
				E26E1E921F4B56A10065332B /* Views */,
				E2AE1E601F4957F8005F2551 /* Controllers */,
			);
			path = Weather;
			sourceTree = "<group>";
		};
		E2AE1E601F4957F8005F2551 /* Controllers */ = {
			isa = PBXGroup;
			children = (
				E2AE1E611F49580B005F2551 /* OWMWeatherViewController.h */,
				E2AE1E621F49580B005F2551 /* OWMWeatherViewController.m */,
			);
			path = Controllers;
			sourceTree = "<group>";
		};
		E2FD0F801F48D71000764787 = {
			isa = PBXGroup;
			children = (
				E2FD0F8B1F48D71000764787 /* openweather-ios */,
				E2FD0FA41F48D71000764787 /* openweather-iosTests */,
				E2FD0F8A1F48D71000764787 /* Products */,
				2BCF8534632803A7C21797DC /* Pods */,
				D69F582C40401E343288308E /* Frameworks */,
			);
			sourceTree = "<group>";
		};
		E2FD0F8A1F48D71000764787 /* Products */ = {
			isa = PBXGroup;
			children = (
				E2FD0F891F48D71000764787 /* openweather-ios.app */,
				E2FD0FA11F48D71000764787 /* openweather-iosTests.xctest */,
			);
			name = Products;
			sourceTree = "<group>";
		};
		E2FD0F8B1F48D71000764787 /* openweather-ios */ = {
			isa = PBXGroup;
			children = (
				E27E8BE61F48D88000ED5399 /* API */,
				E27E8BFA1F48E26200ED5399 /* Common */,
				E27E8C031F48E68400ED5399 /* Location */,
				E27E8C081F48F12400ED5399 /* Permission */,
				E2AE1E5F1F4957E8005F2551 /* Weather */,
				E26E1E991F4B740D0065332B /* Weather Extended */,
				E27E8BF51F48E23F00ED5399 /* Search */,
				E2FD0FB11F48D72500764787 /* Resources */,
				E2FD0FB01F48D71800764787 /* Supporting Files */,
			);
			path = "openweather-ios";
			sourceTree = "<group>";
		};
		E2FD0FA41F48D71000764787 /* openweather-iosTests */ = {
			isa = PBXGroup;
			children = (
				E2FD0FA51F48D71000764787 /* openweather_iosTests.m */,
				E2FD0FA71F48D71000764787 /* Info.plist */,
			);
			path = "openweather-iosTests";
			sourceTree = "<group>";
		};
		E2FD0FB01F48D71800764787 /* Supporting Files */ = {
			isa = PBXGroup;
			children = (
				E2FD0F8C1F48D71000764787 /* AppDelegate.h */,
				E2FD0F8D1F48D71000764787 /* AppDelegate.m */,
				E2FD0F9B1F48D71000764787 /* main.m */,
				E27E8BF21F48E02C00ED5399 /* OWMConstants.h */,
				E27E8BF31F48E02C00ED5399 /* OWMConstants.m */,
			);
			path = "Supporting Files";
			sourceTree = "<group>";
		};
		E2FD0FB11F48D72500764787 /* Resources */ = {
			isa = PBXGroup;
			children = (
				E2FD0F921F48D71000764787 /* Main.storyboard */,
				E2FD0F951F48D71000764787 /* Assets.xcassets */,
				E2FD0F971F48D71000764787 /* LaunchScreen.storyboard */,
				E2FD0F9A1F48D71000764787 /* Info.plist */,
			);
			path = Resources;
			sourceTree = "<group>";
		};
/* End PBXGroup section */

/* Begin PBXNativeTarget section */
		E2FD0F881F48D71000764787 /* openweather-ios */ = {
			isa = PBXNativeTarget;
			buildConfigurationList = E2FD0FAA1F48D71000764787 /* Build configuration list for PBXNativeTarget "openweather-ios" */;
			buildPhases = (
				811B5E3B25DEC49B5A1193D3 /* [CP] Check Pods Manifest.lock */,
				E2FD0F851F48D71000764787 /* Sources */,
				E2FD0F861F48D71000764787 /* Frameworks */,
				E2FD0F871F48D71000764787 /* Resources */,
				65F7367B9AEEB62BC7386BAA /* [CP] Embed Pods Frameworks */,
				19DFEF6BA6E0B1807807B70F /* [CP] Copy Pods Resources */,
			);
			buildRules = (
			);
			dependencies = (
			);
			name = "openweather-ios";
			productName = "openweather-ios";
			productReference = E2FD0F891F48D71000764787 /* openweather-ios.app */;
			productType = "com.apple.product-type.application";
		};
		E2FD0FA01F48D71000764787 /* openweather-iosTests */ = {
			isa = PBXNativeTarget;
			buildConfigurationList = E2FD0FAD1F48D71000764787 /* Build configuration list for PBXNativeTarget "openweather-iosTests" */;
			buildPhases = (
				30C1949820285F127643766D /* [CP] Check Pods Manifest.lock */,
				E2FD0F9D1F48D71000764787 /* Sources */,
				E2FD0F9E1F48D71000764787 /* Frameworks */,
				E2FD0F9F1F48D71000764787 /* Resources */,
				3E914C525F836469C72F9460 /* [CP] Embed Pods Frameworks */,
				6BF8BCC60A3FA0DF7A22BBCC /* [CP] Copy Pods Resources */,
			);
			buildRules = (
			);
			dependencies = (
				E2FD0FA31F48D71000764787 /* PBXTargetDependency */,
			);
			name = "openweather-iosTests";
			productName = "openweather-iosTests";
			productReference = E2FD0FA11F48D71000764787 /* openweather-iosTests.xctest */;
			productType = "com.apple.product-type.bundle.unit-test";
		};
/* End PBXNativeTarget section */

/* Begin PBXProject section */
		E2FD0F811F48D71000764787 /* Project object */ = {
			isa = PBXProject;
			attributes = {
				LastUpgradeCheck = 0900;
				ORGANIZATIONNAME = "Harry Singh";
				TargetAttributes = {
					E2FD0F881F48D71000764787 = {
						CreatedOnToolsVersion = 9.0;
						SystemCapabilities = {
							com.apple.BackgroundModes = {
								enabled = 1;
							};
						};
					};
					E2FD0FA01F48D71000764787 = {
						CreatedOnToolsVersion = 9.0;
						TestTargetID = E2FD0F881F48D71000764787;
					};
				};
			};
			buildConfigurationList = E2FD0F841F48D71000764787 /* Build configuration list for PBXProject "openweather-ios" */;
			compatibilityVersion = "Xcode 8.0";
			developmentRegion = en;
			hasScannedForEncodings = 0;
			knownRegions = (
				en,
				Base,
			);
			mainGroup = E2FD0F801F48D71000764787;
			productRefGroup = E2FD0F8A1F48D71000764787 /* Products */;
			projectDirPath = "";
			projectRoot = "";
			targets = (
				E2FD0F881F48D71000764787 /* openweather-ios */,
				E2FD0FA01F48D71000764787 /* openweather-iosTests */,
			);
		};
/* End PBXProject section */

/* Begin PBXResourcesBuildPhase section */
		E2FD0F871F48D71000764787 /* Resources */ = {
			isa = PBXResourcesBuildPhase;
			buildActionMask = 2147483647;
			files = (
				E2FD0F991F48D71000764787 /* LaunchScreen.storyboard in Resources */,
				E2FD0F961F48D71000764787 /* Assets.xcassets in Resources */,
				E2FD0F941F48D71000764787 /* Main.storyboard in Resources */,
			);
			runOnlyForDeploymentPostprocessing = 0;
		};
		E2FD0F9F1F48D71000764787 /* Resources */ = {
			isa = PBXResourcesBuildPhase;
			buildActionMask = 2147483647;
			files = (
			);
			runOnlyForDeploymentPostprocessing = 0;
		};
/* End PBXResourcesBuildPhase section */

/* Begin PBXShellScriptBuildPhase section */
		19DFEF6BA6E0B1807807B70F /* [CP] Copy Pods Resources */ = {
			isa = PBXShellScriptBuildPhase;
			buildActionMask = 2147483647;
			files = (
			);
			inputPaths = (
			);
			name = "[CP] Copy Pods Resources";
			outputPaths = (
			);
			runOnlyForDeploymentPostprocessing = 0;
			shellPath = /bin/sh;
			shellScript = "\"${SRCROOT}/Pods/Target Support Files/Pods-openweather-ios/Pods-openweather-ios-resources.sh\"\n";
			showEnvVarsInLog = 0;
		};
		30C1949820285F127643766D /* [CP] Check Pods Manifest.lock */ = {
			isa = PBXShellScriptBuildPhase;
			buildActionMask = 2147483647;
			files = (
			);
			inputPaths = (
			);
			name = "[CP] Check Pods Manifest.lock";
			outputPaths = (
			);
			runOnlyForDeploymentPostprocessing = 0;
			shellPath = /bin/sh;
			shellScript = "diff \"${PODS_PODFILE_DIR_PATH}/Podfile.lock\" \"${PODS_ROOT}/Manifest.lock\" > /dev/null\nif [ $? != 0 ] ; then\n    # print error to STDERR\n    echo \"error: The sandbox is not in sync with the Podfile.lock. Run 'pod install' or update your CocoaPods installation.\" >&2\n    exit 1\nfi\n";
			showEnvVarsInLog = 0;
		};
		3E914C525F836469C72F9460 /* [CP] Embed Pods Frameworks */ = {
			isa = PBXShellScriptBuildPhase;
			buildActionMask = 2147483647;
			files = (
			);
			inputPaths = (
			);
			name = "[CP] Embed Pods Frameworks";
			outputPaths = (
			);
			runOnlyForDeploymentPostprocessing = 0;
			shellPath = /bin/sh;
			shellScript = "\"${SRCROOT}/Pods/Target Support Files/Pods-openweather-iosTests/Pods-openweather-iosTests-frameworks.sh\"\n";
			showEnvVarsInLog = 0;
		};
		65F7367B9AEEB62BC7386BAA /* [CP] Embed Pods Frameworks */ = {
			isa = PBXShellScriptBuildPhase;
			buildActionMask = 2147483647;
			files = (
			);
			inputPaths = (
			);
			name = "[CP] Embed Pods Frameworks";
			outputPaths = (
			);
			runOnlyForDeploymentPostprocessing = 0;
			shellPath = /bin/sh;
			shellScript = "\"${SRCROOT}/Pods/Target Support Files/Pods-openweather-ios/Pods-openweather-ios-frameworks.sh\"\n";
			showEnvVarsInLog = 0;
		};
		6BF8BCC60A3FA0DF7A22BBCC /* [CP] Copy Pods Resources */ = {
			isa = PBXShellScriptBuildPhase;
			buildActionMask = 2147483647;
			files = (
			);
			inputPaths = (
			);
			name = "[CP] Copy Pods Resources";
			outputPaths = (
			);
			runOnlyForDeploymentPostprocessing = 0;
			shellPath = /bin/sh;
			shellScript = "\"${SRCROOT}/Pods/Target Support Files/Pods-openweather-iosTests/Pods-openweather-iosTests-resources.sh\"\n";
			showEnvVarsInLog = 0;
		};
		811B5E3B25DEC49B5A1193D3 /* [CP] Check Pods Manifest.lock */ = {
			isa = PBXShellScriptBuildPhase;
			buildActionMask = 2147483647;
			files = (
			);
			inputPaths = (
			);
			name = "[CP] Check Pods Manifest.lock";
			outputPaths = (
			);
			runOnlyForDeploymentPostprocessing = 0;
			shellPath = /bin/sh;
			shellScript = "diff \"${PODS_PODFILE_DIR_PATH}/Podfile.lock\" \"${PODS_ROOT}/Manifest.lock\" > /dev/null\nif [ $? != 0 ] ; then\n    # print error to STDERR\n    echo \"error: The sandbox is not in sync with the Podfile.lock. Run 'pod install' or update your CocoaPods installation.\" >&2\n    exit 1\nfi\n";
			showEnvVarsInLog = 0;
		};
/* End PBXShellScriptBuildPhase section */

/* Begin PBXSourcesBuildPhase section */
		E2FD0F851F48D71000764787 /* Sources */ = {
			isa = PBXSourcesBuildPhase;
			buildActionMask = 2147483647;
			files = (
				E26E1EA71F4B95880065332B /* OWMDayForecast.m in Sources */,
				E26E1E981F4B6CD30065332B /* OWMToday.m in Sources */,
				E21D92371F4A4AC30017381E /* OWMWeatherManager.m in Sources */,
				E27E8C021F48E39700ED5399 /* OWMSearchResultCell.m in Sources */,
				E27E8C0C1F48F14700ED5399 /* OWMPermissionViewController.m in Sources */,
				E21D923A1F4A576C0017381E /* OWMCity.m in Sources */,
				E21D92431F4A594E0017381E /* OWMWeatherLocation.m in Sources */,
				E27E8BEC1F48D9AE00ED5399 /* OWMAPIClient.m in Sources */,
				E21D92581F4A6D380017381E /* OWMSnow.m in Sources */,
				E2AE1E631F49580B005F2551 /* OWMWeatherViewController.m in Sources */,
				E21D924C1F4A6B4A0017381E /* OWMWeatherForecast.m in Sources */,
				E27E8BF41F48E02C00ED5399 /* OWMConstants.m in Sources */,
				E21D92401F4A58C90017381E /* OWMBaseModel.m in Sources */,
				E21D92461F4A689E0017381E /* OWMWeatherData.m in Sources */,
				E2FD0F9C1F48D71000764787 /* main.m in Sources */,
				E21D92521F4A6C990017381E /* OWMWinds.m in Sources */,
				E27E8BF01F48DF0F00ED5399 /* OWMWeather.m in Sources */,
				E21D92491F4A69360017381E /* OWMMain.m in Sources */,
				E27E8C071F48E6A400ED5399 /* OWMLocation.m in Sources */,
				E21D924F1F4A6C3F0017381E /* OWMClouds.m in Sources */,
				E27E8BF91F48E25D00ED5399 /* OWMSearchViewController.m in Sources */,
				E26E1E951F4B56BC0065332B /* OWMWeatherSummaryCell.m in Sources */,
				E2FD0F8E1F48D71000764787 /* AppDelegate.m in Sources */,
				E26E1EA41F4B7F950065332B /* OWMDailyWeatherCell.m in Sources */,
				E26E1E9D1F4B748F0065332B /* OWMFullWeatherViewController.m in Sources */,
				E21D923D1F4A58AA0017381E /* OWMForecast.m in Sources */,
				E2F519021F4CA5BD0006155C /* OWMThreeHourCell.m in Sources */,
				E2F519061F4CAD230006155C /* NSDate+Helper.m in Sources */,
				E27E8BFE1F48E27900ED5399 /* OWMBaseViewController.m in Sources */,
				E21D92551F4A6D0D0017381E /* OWMRain.m in Sources */,
				E26E1EA11F4B7E9C0065332B /* OWMThreeHourTodayWeatherCellTableViewCell.m in Sources */,
			);
			runOnlyForDeploymentPostprocessing = 0;
		};
		E2FD0F9D1F48D71000764787 /* Sources */ = {
			isa = PBXSourcesBuildPhase;
			buildActionMask = 2147483647;
			files = (
				E2FD0FA61F48D71000764787 /* openweather_iosTests.m in Sources */,
			);
			runOnlyForDeploymentPostprocessing = 0;
		};
/* End PBXSourcesBuildPhase section */

/* Begin PBXTargetDependency section */
		E2FD0FA31F48D71000764787 /* PBXTargetDependency */ = {
			isa = PBXTargetDependency;
			target = E2FD0F881F48D71000764787 /* openweather-ios */;
			targetProxy = E2FD0FA21F48D71000764787 /* PBXContainerItemProxy */;
		};
/* End PBXTargetDependency section */

/* Begin PBXVariantGroup section */
		E2FD0F921F48D71000764787 /* Main.storyboard */ = {
			isa = PBXVariantGroup;
			children = (
				E2FD0F931F48D71000764787 /* Base */,
			);
			name = Main.storyboard;
			sourceTree = "<group>";
		};
		E2FD0F971F48D71000764787 /* LaunchScreen.storyboard */ = {
			isa = PBXVariantGroup;
			children = (
				E2FD0F981F48D71000764787 /* Base */,
			);
			name = LaunchScreen.storyboard;
			sourceTree = "<group>";
		};
/* End PBXVariantGroup section */

/* Begin XCBuildConfiguration section */
		E2FD0FA81F48D71000764787 /* Debug */ = {
			isa = XCBuildConfiguration;
			buildSettings = {
				ALWAYS_SEARCH_USER_PATHS = NO;
				CLANG_ANALYZER_NONNULL = YES;
				CLANG_ANALYZER_NUMBER_OBJECT_CONVERSION = YES_AGGRESSIVE;
				CLANG_CXX_LANGUAGE_STANDARD = "gnu++14";
				CLANG_CXX_LIBRARY = "libc++";
				CLANG_ENABLE_MODULES = YES;
				CLANG_ENABLE_OBJC_ARC = YES;
				CLANG_WARN_BLOCK_CAPTURE_AUTORELEASING = YES;
				CLANG_WARN_BOOL_CONVERSION = YES;
				CLANG_WARN_COMMA = YES;
				CLANG_WARN_CONSTANT_CONVERSION = YES;
				CLANG_WARN_DIRECT_OBJC_ISA_USAGE = YES_ERROR;
				CLANG_WARN_DOCUMENTATION_COMMENTS = YES;
				CLANG_WARN_EMPTY_BODY = YES;
				CLANG_WARN_ENUM_CONVERSION = YES;
				CLANG_WARN_INFINITE_RECURSION = YES;
				CLANG_WARN_INT_CONVERSION = YES;
				CLANG_WARN_NON_LITERAL_NULL_CONVERSION = YES;
				CLANG_WARN_OBJC_LITERAL_CONVERSION = YES;
				CLANG_WARN_OBJC_ROOT_CLASS = YES_ERROR;
				CLANG_WARN_RANGE_LOOP_ANALYSIS = YES;
				CLANG_WARN_STRICT_PROTOTYPES = YES;
				CLANG_WARN_SUSPICIOUS_MOVE = YES;
				CLANG_WARN_UNGUARDED_AVAILABILITY = YES_AGGRESSIVE;
				CLANG_WARN_UNREACHABLE_CODE = YES;
				CLANG_WARN__DUPLICATE_METHOD_MATCH = YES;
				CODE_SIGN_IDENTITY = "iPhone Developer";
				COPY_PHASE_STRIP = NO;
				DEBUG_INFORMATION_FORMAT = dwarf;
				ENABLE_STRICT_OBJC_MSGSEND = YES;
				ENABLE_TESTABILITY = YES;
				GCC_C_LANGUAGE_STANDARD = gnu11;
				GCC_DYNAMIC_NO_PIC = NO;
				GCC_NO_COMMON_BLOCKS = YES;
				GCC_OPTIMIZATION_LEVEL = 0;
				GCC_PREPROCESSOR_DEFINITIONS = (
					"DEBUG=1",
					"$(inherited)",
				);
				GCC_WARN_64_TO_32_BIT_CONVERSION = YES;
				GCC_WARN_ABOUT_RETURN_TYPE = YES_ERROR;
				GCC_WARN_UNDECLARED_SELECTOR = YES;
				GCC_WARN_UNINITIALIZED_AUTOS = YES_AGGRESSIVE;
				GCC_WARN_UNUSED_FUNCTION = YES;
				GCC_WARN_UNUSED_VARIABLE = YES;
				IPHONEOS_DEPLOYMENT_TARGET = 11.0;
				MTL_ENABLE_DEBUG_INFO = YES;
				ONLY_ACTIVE_ARCH = YES;
				SDKROOT = iphoneos;
			};
			name = Debug;
		};
		E2FD0FA91F48D71000764787 /* Release */ = {
			isa = XCBuildConfiguration;
			buildSettings = {
				ALWAYS_SEARCH_USER_PATHS = NO;
				CLANG_ANALYZER_NONNULL = YES;
				CLANG_ANALYZER_NUMBER_OBJECT_CONVERSION = YES_AGGRESSIVE;
				CLANG_CXX_LANGUAGE_STANDARD = "gnu++14";
				CLANG_CXX_LIBRARY = "libc++";
				CLANG_ENABLE_MODULES = YES;
				CLANG_ENABLE_OBJC_ARC = YES;
				CLANG_WARN_BLOCK_CAPTURE_AUTORELEASING = YES;
				CLANG_WARN_BOOL_CONVERSION = YES;
				CLANG_WARN_COMMA = YES;
				CLANG_WARN_CONSTANT_CONVERSION = YES;
				CLANG_WARN_DIRECT_OBJC_ISA_USAGE = YES_ERROR;
				CLANG_WARN_DOCUMENTATION_COMMENTS = YES;
				CLANG_WARN_EMPTY_BODY = YES;
				CLANG_WARN_ENUM_CONVERSION = YES;
				CLANG_WARN_INFINITE_RECURSION = YES;
				CLANG_WARN_INT_CONVERSION = YES;
				CLANG_WARN_NON_LITERAL_NULL_CONVERSION = YES;
				CLANG_WARN_OBJC_LITERAL_CONVERSION = YES;
				CLANG_WARN_OBJC_ROOT_CLASS = YES_ERROR;
				CLANG_WARN_RANGE_LOOP_ANALYSIS = YES;
				CLANG_WARN_STRICT_PROTOTYPES = YES;
				CLANG_WARN_SUSPICIOUS_MOVE = YES;
				CLANG_WARN_UNGUARDED_AVAILABILITY = YES_AGGRESSIVE;
				CLANG_WARN_UNREACHABLE_CODE = YES;
				CLANG_WARN__DUPLICATE_METHOD_MATCH = YES;
				CODE_SIGN_IDENTITY = "iPhone Developer";
				COPY_PHASE_STRIP = NO;
				DEBUG_INFORMATION_FORMAT = "dwarf-with-dsym";
				ENABLE_NS_ASSERTIONS = NO;
				ENABLE_STRICT_OBJC_MSGSEND = YES;
				GCC_C_LANGUAGE_STANDARD = gnu11;
				GCC_NO_COMMON_BLOCKS = YES;
				GCC_WARN_64_TO_32_BIT_CONVERSION = YES;
				GCC_WARN_ABOUT_RETURN_TYPE = YES_ERROR;
				GCC_WARN_UNDECLARED_SELECTOR = YES;
				GCC_WARN_UNINITIALIZED_AUTOS = YES_AGGRESSIVE;
				GCC_WARN_UNUSED_FUNCTION = YES;
				GCC_WARN_UNUSED_VARIABLE = YES;
				IPHONEOS_DEPLOYMENT_TARGET = 11.0;
				MTL_ENABLE_DEBUG_INFO = NO;
				SDKROOT = iphoneos;
				VALIDATE_PRODUCT = YES;
			};
			name = Release;
		};
		E2FD0FAB1F48D71000764787 /* Debug */ = {
			isa = XCBuildConfiguration;
			baseConfigurationReference = ACFAD29D158FE6DC22F4C0CE /* Pods-openweather-ios.debug.xcconfig */;
			buildSettings = {
				ASSETCATALOG_COMPILER_APPICON_NAME = AppIcon;
				INFOPLIST_FILE = "$(SRCROOT)/openweather-ios/Resources/Info.plist";
				LD_RUNPATH_SEARCH_PATHS = "$(inherited) @executable_path/Frameworks";
				PRODUCT_BUNDLE_IDENTIFIER = "com.harrysingh.openweather.openweather-ios";
				PRODUCT_NAME = "$(TARGET_NAME)";
				TARGETED_DEVICE_FAMILY = "1,2";
			};
			name = Debug;
		};
		E2FD0FAC1F48D71000764787 /* Release */ = {
			isa = XCBuildConfiguration;
			baseConfigurationReference = CEE7E9F690130EB7A846A20B /* Pods-openweather-ios.release.xcconfig */;
			buildSettings = {
				ASSETCATALOG_COMPILER_APPICON_NAME = AppIcon;
				INFOPLIST_FILE = "$(SRCROOT)/openweather-ios/Resources/Info.plist";
				LD_RUNPATH_SEARCH_PATHS = "$(inherited) @executable_path/Frameworks";
				PRODUCT_BUNDLE_IDENTIFIER = "com.harrysingh.openweather.openweather-ios";
				PRODUCT_NAME = "$(TARGET_NAME)";
				TARGETED_DEVICE_FAMILY = "1,2";
			};
			name = Release;
		};
		E2FD0FAE1F48D71000764787 /* Debug */ = {
			isa = XCBuildConfiguration;
			baseConfigurationReference = 6315877F8E6EF55E86723248 /* Pods-openweather-iosTests.debug.xcconfig */;
			buildSettings = {
				BUNDLE_LOADER = "$(TEST_HOST)";
				INFOPLIST_FILE = "openweather-iosTests/Info.plist";
				LD_RUNPATH_SEARCH_PATHS = "$(inherited) @executable_path/Frameworks @loader_path/Frameworks";
				PRODUCT_BUNDLE_IDENTIFIER = "com.harrysingh.openweather.openweather-iosTests";
				PRODUCT_NAME = "$(TARGET_NAME)";
				TARGETED_DEVICE_FAMILY = "1,2";
				TEST_HOST = "$(BUILT_PRODUCTS_DIR)/openweather-ios.app/openweather-ios";
			};
			name = Debug;
		};
		E2FD0FAF1F48D71000764787 /* Release */ = {
			isa = XCBuildConfiguration;
			baseConfigurationReference = F16D63BB7211414F6FA5EDF5 /* Pods-openweather-iosTests.release.xcconfig */;
			buildSettings = {
				BUNDLE_LOADER = "$(TEST_HOST)";
				INFOPLIST_FILE = "openweather-iosTests/Info.plist";
				LD_RUNPATH_SEARCH_PATHS = "$(inherited) @executable_path/Frameworks @loader_path/Frameworks";
				PRODUCT_BUNDLE_IDENTIFIER = "com.harrysingh.openweather.openweather-iosTests";
				PRODUCT_NAME = "$(TARGET_NAME)";
				TARGETED_DEVICE_FAMILY = "1,2";
				TEST_HOST = "$(BUILT_PRODUCTS_DIR)/openweather-ios.app/openweather-ios";
			};
			name = Release;
		};
/* End XCBuildConfiguration section */

/* Begin XCConfigurationList section */
		E2FD0F841F48D71000764787 /* Build configuration list for PBXProject "openweather-ios" */ = {
			isa = XCConfigurationList;
			buildConfigurations = (
				E2FD0FA81F48D71000764787 /* Debug */,
				E2FD0FA91F48D71000764787 /* Release */,
			);
			defaultConfigurationIsVisible = 0;
			defaultConfigurationName = Release;
		};
		E2FD0FAA1F48D71000764787 /* Build configuration list for PBXNativeTarget "openweather-ios" */ = {
			isa = XCConfigurationList;
			buildConfigurations = (
				E2FD0FAB1F48D71000764787 /* Debug */,
				E2FD0FAC1F48D71000764787 /* Release */,
			);
			defaultConfigurationIsVisible = 0;
			defaultConfigurationName = Release;
		};
		E2FD0FAD1F48D71000764787 /* Build configuration list for PBXNativeTarget "openweather-iosTests" */ = {
			isa = XCConfigurationList;
			buildConfigurations = (
				E2FD0FAE1F48D71000764787 /* Debug */,
				E2FD0FAF1F48D71000764787 /* Release */,
			);
			defaultConfigurationIsVisible = 0;
			defaultConfigurationName = Release;
		};
/* End XCConfigurationList section */
	};
	rootObject = E2FD0F811F48D71000764787 /* Project object */;
}
